
Microsoft Visual Studio Solution File, Format Version 12.00
# Visual Studio Version 16
VisualStudioVersion = 16.0.31624.102
MinimumVisualStudioVersion = 10.0.40219.1
Project("{FAE04EC0-301F-11D3-BF4B-00C04F79EFBC}") = "Fraction", "Fraction\Fraction.csproj", "{C9A3640F-30C0-4905-8EEF-9EC56B358573}"
EndProject
Global
	GlobalSection(SolutionConfigurationPlatforms) = preSolution
		Debug|Any CPU = Debug|Any CPU
		Release|Any CPU = Release|Any CPU
	EndGlobalSection
	GlobalSection(ProjectConfigurationPlatforms) = postSolution
		{C9A3640F-30C0-4905-8EEF-9EC56B358573}.Debug|Any CPU.ActiveCfg = Debug|Any CPU
		{C9A3640F-30C0-4905-8EEF-9EC56B358573}.Debug|Any CPU.Build.0 = Debug|Any CPU
		{C9A3640F-30C0-4905-8EEF-9EC56B358573}.Release|Any CPU.ActiveCfg = Release|Any CPU
		{C9A3640F-30C0-4905-8EEF-9EC56B358573}.Release|Any CPU.Build.0 = Release|Any CPU
	EndGlobalSection
	GlobalSection(SolutionProperties) = preSolution
		HideSolutionNode = FALSE
	EndGlobalSection
	GlobalSection(ExtensibilityGlobals) = postSolution
		SolutionGuid = {1A1CF303-12FA-40ED-BCE7-F495FDD04E27}
	EndGlobalSection
EndGlobal
